
Microsoft Visual Studio Solution File, Format Version 12.00
# Visual Studio Version 17
VisualStudioVersion = 17.5.33209.295
MinimumVisualStudioVersion = 10.0.40219.1
Project("{9A19103F-16F7-4668-BE54-9A1E7A4F7556}") = "Calculator", "Calculator\Calculator.csproj", "{11B8F4D5-1799-44B2-B197-CA977B2A5EFB}"
EndProject
Project("{9A19103F-16F7-4668-BE54-9A1E7A4F7556}") = "Calculator.TestsNUnit", "Calculator.TestsNUnit\Calculator.TestsNUnit.csproj", "{201D03C6-1D6A-41B6-AF9B-357044FD7C24}"
EndProject
Project("{FAE04EC0-301F-11D3-BF4B-00C04F79EFBC}") = "CompoundInterestConsole", "CompoundInterestConsole\CompoundInterestConsole.csproj", "{09A1C310-C9CB-41E9-9931-5DE958BF7EAA}"
EndProject
Global
	GlobalSection(SolutionConfigurationPlatforms) = preSolution
		Debug|Any CPU = Debug|Any CPU
		Release|Any CPU = Release|Any CPU
	EndGlobalSection
	GlobalSection(ProjectConfigurationPlatforms) = postSolution
		{11B8F4D5-1799-44B2-B197-CA977B2A5EFB}.Debug|Any CPU.ActiveCfg = Debug|Any CPU
		{11B8F4D5-1799-44B2-B197-CA977B2A5EFB}.Debug|Any CPU.Build.0 = Debug|Any CPU
		{11B8F4D5-1799-44B2-B197-CA977B2A5EFB}.Release|Any CPU.ActiveCfg = Release|Any CPU
		{11B8F4D5-1799-44B2-B197-CA977B2A5EFB}.Release|Any CPU.Build.0 = Release|Any CPU
		{201D03C6-1D6A-41B6-AF9B-357044FD7C24}.Debug|Any CPU.ActiveCfg = Debug|Any CPU
		{201D03C6-1D6A-41B6-AF9B-357044FD7C24}.Debug|Any CPU.Build.0 = Debug|Any CPU
		{201D03C6-1D6A-41B6-AF9B-357044FD7C24}.Release|Any CPU.ActiveCfg = Release|Any CPU
		{201D03C6-1D6A-41B6-AF9B-357044FD7C24}.Release|Any CPU.Build.0 = Release|Any CPU
		{09A1C310-C9CB-41E9-9931-5DE958BF7EAA}.Debug|Any CPU.ActiveCfg = Debug|Any CPU
		{09A1C310-C9CB-41E9-9931-5DE958BF7EAA}.Debug|Any CPU.Build.0 = Debug|Any CPU
		{09A1C310-C9CB-41E9-9931-5DE958BF7EAA}.Release|Any CPU.ActiveCfg = Release|Any CPU
		{09A1C310-C9CB-41E9-9931-5DE958BF7EAA}.Release|Any CPU.Build.0 = Release|Any CPU
	EndGlobalSection
	GlobalSection(SolutionProperties) = preSolution
		HideSolutionNode = FALSE
	EndGlobalSection
	GlobalSection(ExtensibilityGlobals) = postSolution
		SolutionGuid = {3993CF2E-3080-485E-B534-63BF754022E0}
	EndGlobalSection
EndGlobal
